// !$*UTF8*$!
{
	archiveVersion = 1;
	classes = {
	};
	objectVersion = 55;
	objects = {

/* Begin PBXBuildFile section */
		77964C68E3A1FC7666A8E13B /* Pods_MovieAppTests.framework in Frameworks */ = {isa = PBXBuildFile; fileRef = D404B19D39DB05A99EDEC2A0 /* Pods_MovieAppTests.framework */; };
		AF82C5DAFD64BEDC73DC34D6 /* Pods_MovieApp_MovieAppUITests.framework in Frameworks */ = {isa = PBXBuildFile; fileRef = 8E9A6B57A5B72B282E04928A /* Pods_MovieApp_MovieAppUITests.framework */; };
		F64E9E9DD57A87CC529CDB41 /* Pods_MovieApp.framework in Frameworks */ = {isa = PBXBuildFile; fileRef = D6602562B8E25D708B8D557D /* Pods_MovieApp.framework */; };
		F746DAD1286F681E00C28C33 /* AppDelegate.swift in Sources */ = {isa = PBXBuildFile; fileRef = F746DAD0286F681E00C28C33 /* AppDelegate.swift */; };
		F746DAD5286F681E00C28C33 /* HomeViewController.swift in Sources */ = {isa = PBXBuildFile; fileRef = F746DAD4286F681E00C28C33 /* HomeViewController.swift */; };
		F746DADA286F682100C28C33 /* Assets.xcassets in Resources */ = {isa = PBXBuildFile; fileRef = F746DAD9286F682100C28C33 /* Assets.xcassets */; };
		F746DADD286F682100C28C33 /* LaunchScreen.storyboard in Resources */ = {isa = PBXBuildFile; fileRef = F746DADB286F682100C28C33 /* LaunchScreen.storyboard */; };
		F746DAE8286F682200C28C33 /* MovieAppTests.swift in Sources */ = {isa = PBXBuildFile; fileRef = F746DAE7286F682200C28C33 /* MovieAppTests.swift */; };
		F746DAF2286F682200C28C33 /* MovieAppUITests.swift in Sources */ = {isa = PBXBuildFile; fileRef = F746DAF1286F682200C28C33 /* MovieAppUITests.swift */; };
		F746DAF4286F682200C28C33 /* MovieAppUITestsLaunchTests.swift in Sources */ = {isa = PBXBuildFile; fileRef = F746DAF3286F682200C28C33 /* MovieAppUITestsLaunchTests.swift */; };
		F746DB2C286F6A5D00C28C33 /* Route.swift in Sources */ = {isa = PBXBuildFile; fileRef = F746DB2B286F6A5D00C28C33 /* Route.swift */; };
		F746DB30286F6A9400C28C33 /* AppRouter.swift in Sources */ = {isa = PBXBuildFile; fileRef = F746DB2F286F6A9400C28C33 /* AppRouter.swift */; };
		F746DB33286F6AB600C28C33 /* Router.swift in Sources */ = {isa = PBXBuildFile; fileRef = F746DB32286F6AB600C28C33 /* Router.swift */; };
		F746DB36286F6ADB00C28C33 /* Transition.swift in Sources */ = {isa = PBXBuildFile; fileRef = F746DB35286F6ADB00C28C33 /* Transition.swift */; };
		F746DB38286F6AEC00C28C33 /* OnWindowTransition.swift in Sources */ = {isa = PBXBuildFile; fileRef = F746DB37286F6AEC00C28C33 /* OnWindowTransition.swift */; };
		F746DB3D286F6B3D00C28C33 /* Helpers.framework in Frameworks */ = {isa = PBXBuildFile; fileRef = F746DB3C286F6B3D00C28C33 /* Helpers.framework */; };
		F746DB3E286F6B3D00C28C33 /* Helpers.framework in Embed Frameworks */ = {isa = PBXBuildFile; fileRef = F746DB3C286F6B3D00C28C33 /* Helpers.framework */; settings = {ATTRIBUTES = (CodeSignOnCopy, RemoveHeadersOnCopy, ); }; };
		F746DB41286F6B4E00C28C33 /* HomeScene.xib in Resources */ = {isa = PBXBuildFile; fileRef = F746DB40286F6B4E00C28C33 /* HomeScene.xib */; };
/* End PBXBuildFile section */

/* Begin PBXContainerItemProxy section */
		F746DAE4286F682200C28C33 /* PBXContainerItemProxy */ = {
			isa = PBXContainerItemProxy;
			containerPortal = F746DAC5286F681E00C28C33 /* Project object */;
			proxyType = 1;
			remoteGlobalIDString = F746DACC286F681E00C28C33;
			remoteInfo = MovieApp;
		};
		F746DAEE286F682200C28C33 /* PBXContainerItemProxy */ = {
			isa = PBXContainerItemProxy;
			containerPortal = F746DAC5286F681E00C28C33 /* Project object */;
			proxyType = 1;
			remoteGlobalIDString = F746DACC286F681E00C28C33;
			remoteInfo = MovieApp;
		};
/* End PBXContainerItemProxy section */

/* Begin PBXCopyFilesBuildPhase section */
		F746DB3F286F6B3D00C28C33 /* Embed Frameworks */ = {
			isa = PBXCopyFilesBuildPhase;
			buildActionMask = 2147483647;
			dstPath = "";
			dstSubfolderSpec = 10;
			files = (
				F746DB3E286F6B3D00C28C33 /* Helpers.framework in Embed Frameworks */,
			);
			name = "Embed Frameworks";
			runOnlyForDeploymentPostprocessing = 0;
		};
/* End PBXCopyFilesBuildPhase section */

/* Begin PBXFileReference section */
		79B68B36905A0A2865709CD6 /* Pods-MovieApp.release.xcconfig */ = {isa = PBXFileReference; includeInIndex = 1; lastKnownFileType = text.xcconfig; name = "Pods-MovieApp.release.xcconfig"; path = "Target Support Files/Pods-MovieApp/Pods-MovieApp.release.xcconfig"; sourceTree = "<group>"; };
		8E1791257C444DB07236C8CC /* Pods-MovieApp.debug.xcconfig */ = {isa = PBXFileReference; includeInIndex = 1; lastKnownFileType = text.xcconfig; name = "Pods-MovieApp.debug.xcconfig"; path = "Target Support Files/Pods-MovieApp/Pods-MovieApp.debug.xcconfig"; sourceTree = "<group>"; };
		8E9A6B57A5B72B282E04928A /* Pods_MovieApp_MovieAppUITests.framework */ = {isa = PBXFileReference; explicitFileType = wrapper.framework; includeInIndex = 0; path = Pods_MovieApp_MovieAppUITests.framework; sourceTree = BUILT_PRODUCTS_DIR; };
		99B02A83C32EB6C7964B9AA2 /* Pods-MovieApp-MovieAppUITests.debug.xcconfig */ = {isa = PBXFileReference; includeInIndex = 1; lastKnownFileType = text.xcconfig; name = "Pods-MovieApp-MovieAppUITests.debug.xcconfig"; path = "Target Support Files/Pods-MovieApp-MovieAppUITests/Pods-MovieApp-MovieAppUITests.debug.xcconfig"; sourceTree = "<group>"; };
		A51A72789794F895D4C85887 /* Pods-MovieApp-MovieAppUITests.release.xcconfig */ = {isa = PBXFileReference; includeInIndex = 1; lastKnownFileType = text.xcconfig; name = "Pods-MovieApp-MovieAppUITests.release.xcconfig"; path = "Target Support Files/Pods-MovieApp-MovieAppUITests/Pods-MovieApp-MovieAppUITests.release.xcconfig"; sourceTree = "<group>"; };
		B0FD868D5AEF0134183AD98F /* Pods-MovieAppTests.debug.xcconfig */ = {isa = PBXFileReference; includeInIndex = 1; lastKnownFileType = text.xcconfig; name = "Pods-MovieAppTests.debug.xcconfig"; path = "Target Support Files/Pods-MovieAppTests/Pods-MovieAppTests.debug.xcconfig"; sourceTree = "<group>"; };
		D404B19D39DB05A99EDEC2A0 /* Pods_MovieAppTests.framework */ = {isa = PBXFileReference; explicitFileType = wrapper.framework; includeInIndex = 0; path = Pods_MovieAppTests.framework; sourceTree = BUILT_PRODUCTS_DIR; };
		D6602562B8E25D708B8D557D /* Pods_MovieApp.framework */ = {isa = PBXFileReference; explicitFileType = wrapper.framework; includeInIndex = 0; path = Pods_MovieApp.framework; sourceTree = BUILT_PRODUCTS_DIR; };
		E58C74F616AB0BF55EEF168A /* Pods-MovieAppTests.release.xcconfig */ = {isa = PBXFileReference; includeInIndex = 1; lastKnownFileType = text.xcconfig; name = "Pods-MovieAppTests.release.xcconfig"; path = "Target Support Files/Pods-MovieAppTests/Pods-MovieAppTests.release.xcconfig"; sourceTree = "<group>"; };
		F746DACD286F681E00C28C33 /* MovieApp.app */ = {isa = PBXFileReference; explicitFileType = wrapper.application; includeInIndex = 0; path = MovieApp.app; sourceTree = BUILT_PRODUCTS_DIR; };
		F746DAD0286F681E00C28C33 /* AppDelegate.swift */ = {isa = PBXFileReference; lastKnownFileType = sourcecode.swift; path = AppDelegate.swift; sourceTree = "<group>"; };
		F746DAD4286F681E00C28C33 /* HomeViewController.swift */ = {isa = PBXFileReference; lastKnownFileType = sourcecode.swift; path = HomeViewController.swift; sourceTree = "<group>"; };
		F746DAD9286F682100C28C33 /* Assets.xcassets */ = {isa = PBXFileReference; lastKnownFileType = folder.assetcatalog; path = Assets.xcassets; sourceTree = "<group>"; };
		F746DADC286F682100C28C33 /* Base */ = {isa = PBXFileReference; lastKnownFileType = file.storyboard; name = Base; path = Base.lproj/LaunchScreen.storyboard; sourceTree = "<group>"; };
		F746DADE286F682100C28C33 /* Info.plist */ = {isa = PBXFileReference; lastKnownFileType = text.plist.xml; path = Info.plist; sourceTree = "<group>"; };
		F746DAE3286F682200C28C33 /* MovieAppTests.xctest */ = {isa = PBXFileReference; explicitFileType = wrapper.cfbundle; includeInIndex = 0; path = MovieAppTests.xctest; sourceTree = BUILT_PRODUCTS_DIR; };
		F746DAE7286F682200C28C33 /* MovieAppTests.swift */ = {isa = PBXFileReference; lastKnownFileType = sourcecode.swift; path = MovieAppTests.swift; sourceTree = "<group>"; };
		F746DAED286F682200C28C33 /* MovieAppUITests.xctest */ = {isa = PBXFileReference; explicitFileType = wrapper.cfbundle; includeInIndex = 0; path = MovieAppUITests.xctest; sourceTree = BUILT_PRODUCTS_DIR; };
		F746DAF1286F682200C28C33 /* MovieAppUITests.swift */ = {isa = PBXFileReference; lastKnownFileType = sourcecode.swift; path = MovieAppUITests.swift; sourceTree = "<group>"; };
		F746DAF3286F682200C28C33 /* MovieAppUITestsLaunchTests.swift */ = {isa = PBXFileReference; lastKnownFileType = sourcecode.swift; path = MovieAppUITestsLaunchTests.swift; sourceTree = "<group>"; };
		F746DB2B286F6A5D00C28C33 /* Route.swift */ = {isa = PBXFileReference; lastKnownFileType = sourcecode.swift; path = Route.swift; sourceTree = "<group>"; };
		F746DB2F286F6A9400C28C33 /* AppRouter.swift */ = {isa = PBXFileReference; lastKnownFileType = sourcecode.swift; path = AppRouter.swift; sourceTree = "<group>"; };
		F746DB32286F6AB600C28C33 /* Router.swift */ = {isa = PBXFileReference; lastKnownFileType = sourcecode.swift; path = Router.swift; sourceTree = "<group>"; };
		F746DB35286F6ADB00C28C33 /* Transition.swift */ = {isa = PBXFileReference; lastKnownFileType = sourcecode.swift; path = Transition.swift; sourceTree = "<group>"; };
		F746DB37286F6AEC00C28C33 /* OnWindowTransition.swift */ = {isa = PBXFileReference; lastKnownFileType = sourcecode.swift; path = OnWindowTransition.swift; sourceTree = "<group>"; };
		F746DB3C286F6B3D00C28C33 /* Helpers.framework */ = {isa = PBXFileReference; explicitFileType = wrapper.framework; path = Helpers.framework; sourceTree = BUILT_PRODUCTS_DIR; };
		F746DB40286F6B4E00C28C33 /* HomeScene.xib */ = {isa = PBXFileReference; lastKnownFileType = file.xib; path = HomeScene.xib; sourceTree = "<group>"; };
/* End PBXFileReference section */

/* Begin PBXFrameworksBuildPhase section */
		F746DACA286F681E00C28C33 /* Frameworks */ = {
			isa = PBXFrameworksBuildPhase;
			buildActionMask = 2147483647;
			files = (
				F746DB3D286F6B3D00C28C33 /* Helpers.framework in Frameworks */,
				F64E9E9DD57A87CC529CDB41 /* Pods_MovieApp.framework in Frameworks */,
			);
			runOnlyForDeploymentPostprocessing = 0;
		};
		F746DAE0286F682200C28C33 /* Frameworks */ = {
			isa = PBXFrameworksBuildPhase;
			buildActionMask = 2147483647;
			files = (
				77964C68E3A1FC7666A8E13B /* Pods_MovieAppTests.framework in Frameworks */,
			);
			runOnlyForDeploymentPostprocessing = 0;
		};
		F746DAEA286F682200C28C33 /* Frameworks */ = {
			isa = PBXFrameworksBuildPhase;
			buildActionMask = 2147483647;
			files = (
				AF82C5DAFD64BEDC73DC34D6 /* Pods_MovieApp_MovieAppUITests.framework in Frameworks */,
			);
			runOnlyForDeploymentPostprocessing = 0;
		};
/* End PBXFrameworksBuildPhase section */

/* Begin PBXGroup section */
		52BDECE844F4E7F58D0D75FE /* Frameworks */ = {
			isa = PBXGroup;
			children = (
				F746DB3C286F6B3D00C28C33 /* Helpers.framework */,
				D6602562B8E25D708B8D557D /* Pods_MovieApp.framework */,
				8E9A6B57A5B72B282E04928A /* Pods_MovieApp_MovieAppUITests.framework */,
				D404B19D39DB05A99EDEC2A0 /* Pods_MovieAppTests.framework */,
			);
			name = Frameworks;
			sourceTree = "<group>";
		};
		5B42B986E825172F6E1ADB0A /* Pods */ = {
			isa = PBXGroup;
			children = (
				8E1791257C444DB07236C8CC /* Pods-MovieApp.debug.xcconfig */,
				79B68B36905A0A2865709CD6 /* Pods-MovieApp.release.xcconfig */,
				99B02A83C32EB6C7964B9AA2 /* Pods-MovieApp-MovieAppUITests.debug.xcconfig */,
				A51A72789794F895D4C85887 /* Pods-MovieApp-MovieAppUITests.release.xcconfig */,
				B0FD868D5AEF0134183AD98F /* Pods-MovieAppTests.debug.xcconfig */,
				E58C74F616AB0BF55EEF168A /* Pods-MovieAppTests.release.xcconfig */,
			);
			path = Pods;
			sourceTree = "<group>";
		};
		F746DAC4286F681E00C28C33 = {
			isa = PBXGroup;
			children = (
				F746DACF286F681E00C28C33 /* MovieApp */,
				F746DAE6286F682200C28C33 /* MovieAppTests */,
				F746DAF0286F682200C28C33 /* MovieAppUITests */,
				F746DACE286F681E00C28C33 /* Products */,
				5B42B986E825172F6E1ADB0A /* Pods */,
				52BDECE844F4E7F58D0D75FE /* Frameworks */,
			);
			sourceTree = "<group>";
		};
		F746DACE286F681E00C28C33 /* Products */ = {
			isa = PBXGroup;
			children = (
				F746DACD286F681E00C28C33 /* MovieApp.app */,
				F746DAE3286F682200C28C33 /* MovieAppTests.xctest */,
				F746DAED286F682200C28C33 /* MovieAppUITests.xctest */,
			);
			name = Products;
			sourceTree = "<group>";
		};
		F746DACF286F681E00C28C33 /* MovieApp */ = {
			isa = PBXGroup;
			children = (
				F746DB24286F691400C28C33 /* AppDelegate */,
				F746DB2A286F6A4F00C28C33 /* Routing */,
				F746DB25286F691D00C28C33 /* Scenes */,
				F746DB26286F693400C28C33 /* Resources */,
				F746DB27286F693B00C28C33 /* Configurations */,
			);
			path = MovieApp;
			sourceTree = "<group>";
		};
		F746DAE6286F682200C28C33 /* MovieAppTests */ = {
			isa = PBXGroup;
			children = (
				F746DAE7286F682200C28C33 /* MovieAppTests.swift */,
			);
			path = MovieAppTests;
			sourceTree = "<group>";
		};
		F746DAF0286F682200C28C33 /* MovieAppUITests */ = {
			isa = PBXGroup;
			children = (
				F746DAF1286F682200C28C33 /* MovieAppUITests.swift */,
				F746DAF3286F682200C28C33 /* MovieAppUITestsLaunchTests.swift */,
			);
			path = MovieAppUITests;
			sourceTree = "<group>";
		};
		F746DB24286F691400C28C33 /* AppDelegate */ = {
			isa = PBXGroup;
			children = (
				F746DAD0286F681E00C28C33 /* AppDelegate.swift */,
			);
			path = AppDelegate;
			sourceTree = "<group>";
		};
		F746DB25286F691D00C28C33 /* Scenes */ = {
			isa = PBXGroup;
			children = (
				F746DB28286F694600C28C33 /* Splash */,
				F746DB29286F694D00C28C33 /* Home */,
			);
			path = Scenes;
			sourceTree = "<group>";
		};
		F746DB26286F693400C28C33 /* Resources */ = {
			isa = PBXGroup;
			children = (
				F746DAD9286F682100C28C33 /* Assets.xcassets */,
			);
			path = Resources;
			sourceTree = "<group>";
		};
		F746DB27286F693B00C28C33 /* Configurations */ = {
			isa = PBXGroup;
			children = (
				F746DADE286F682100C28C33 /* Info.plist */,
			);
			path = Configurations;
			sourceTree = "<group>";
		};
		F746DB28286F694600C28C33 /* Splash */ = {
			isa = PBXGroup;
			children = (
				F746DADB286F682100C28C33 /* LaunchScreen.storyboard */,
			);
			path = Splash;
			sourceTree = "<group>";
		};
		F746DB29286F694D00C28C33 /* Home */ = {
			isa = PBXGroup;
			children = (
				F746DAD4286F681E00C28C33 /* HomeViewController.swift */,
				F746DB40286F6B4E00C28C33 /* HomeScene.xib */,
			);
			path = Home;
			sourceTree = "<group>";
		};
		F746DB2A286F6A4F00C28C33 /* Routing */ = {
			isa = PBXGroup;
			children = (
				F746DB31286F6AA000C28C33 /* Core */,
				F746DB2E286F6A8200C28C33 /* Routers */,
				F746DB2D286F6A6200C28C33 /* Route */,
				F746DB34286F6AC400C28C33 /* Transitions */,
			);
			path = Routing;
			sourceTree = "<group>";
		};
		F746DB2D286F6A6200C28C33 /* Route */ = {
			isa = PBXGroup;
			children = (
				F746DB2B286F6A5D00C28C33 /* Route.swift */,
			);
			path = Route;
			sourceTree = "<group>";
		};
		F746DB2E286F6A8200C28C33 /* Routers */ = {
			isa = PBXGroup;
			children = (
				F746DB2F286F6A9400C28C33 /* AppRouter.swift */,
			);
			path = Routers;
			sourceTree = "<group>";
		};
		F746DB31286F6AA000C28C33 /* Core */ = {
			isa = PBXGroup;
			children = (
				F746DB32286F6AB600C28C33 /* Router.swift */,
			);
			path = Core;
			sourceTree = "<group>";
		};
		F746DB34286F6AC400C28C33 /* Transitions */ = {
			isa = PBXGroup;
			children = (
				F746DB35286F6ADB00C28C33 /* Transition.swift */,
				F746DB37286F6AEC00C28C33 /* OnWindowTransition.swift */,
			);
			path = Transitions;
			sourceTree = "<group>";
		};
/* End PBXGroup section */

/* Begin PBXNativeTarget section */
		F746DACC286F681E00C28C33 /* MovieApp */ = {
			isa = PBXNativeTarget;
			buildConfigurationList = F746DAF7286F682200C28C33 /* Build configuration list for PBXNativeTarget "MovieApp" */;
			buildPhases = (
				AE193BCC9D1259045BFD1E01 /* [CP] Check Pods Manifest.lock */,
				F746DAC9286F681E00C28C33 /* Sources */,
				F746DACA286F681E00C28C33 /* Frameworks */,
				F746DACB286F681E00C28C33 /* Resources */,
				F746DB3F286F6B3D00C28C33 /* Embed Frameworks */,
			);
			buildRules = (
			);
			dependencies = (
			);
			name = MovieApp;
			productName = MovieApp;
			productReference = F746DACD286F681E00C28C33 /* MovieApp.app */;
			productType = "com.apple.product-type.application";
		};
		F746DAE2286F682200C28C33 /* MovieAppTests */ = {
			isa = PBXNativeTarget;
			buildConfigurationList = F746DAFA286F682200C28C33 /* Build configuration list for PBXNativeTarget "MovieAppTests" */;
			buildPhases = (
				EB101ACC2602C29622571619 /* [CP] Check Pods Manifest.lock */,
				F746DADF286F682200C28C33 /* Sources */,
				F746DAE0286F682200C28C33 /* Frameworks */,
				F746DAE1286F682200C28C33 /* Resources */,
			);
			buildRules = (
			);
			dependencies = (
				F746DAE5286F682200C28C33 /* PBXTargetDependency */,
			);
			name = MovieAppTests;
			productName = MovieAppTests;
			productReference = F746DAE3286F682200C28C33 /* MovieAppTests.xctest */;
			productType = "com.apple.product-type.bundle.unit-test";
		};
		F746DAEC286F682200C28C33 /* MovieAppUITests */ = {
			isa = PBXNativeTarget;
			buildConfigurationList = F746DAFD286F682200C28C33 /* Build configuration list for PBXNativeTarget "MovieAppUITests" */;
			buildPhases = (
				DF8AC4776522C9F7770C539E /* [CP] Check Pods Manifest.lock */,
				F746DAE9286F682200C28C33 /* Sources */,
				F746DAEA286F682200C28C33 /* Frameworks */,
				F746DAEB286F682200C28C33 /* Resources */,
			);
			buildRules = (
			);
			dependencies = (
				F746DAEF286F682200C28C33 /* PBXTargetDependency */,
			);
			name = MovieAppUITests;
			productName = MovieAppUITests;
			productReference = F746DAED286F682200C28C33 /* MovieAppUITests.xctest */;
			productType = "com.apple.product-type.bundle.ui-testing";
		};
/* End PBXNativeTarget section */

/* Begin PBXProject section */
		F746DAC5286F681E00C28C33 /* Project object */ = {
			isa = PBXProject;
			attributes = {
				BuildIndependentTargetsInParallel = 1;
				LastSwiftUpdateCheck = 1340;
				LastUpgradeCheck = 1340;
				TargetAttributes = {
					F746DACC286F681E00C28C33 = {
						CreatedOnToolsVersion = 13.4;
					};
					F746DAE2286F682200C28C33 = {
						CreatedOnToolsVersion = 13.4;
						TestTargetID = F746DACC286F681E00C28C33;
					};
					F746DAEC286F682200C28C33 = {
						CreatedOnToolsVersion = 13.4;
						TestTargetID = F746DACC286F681E00C28C33;
					};
				};
			};
			buildConfigurationList = F746DAC8286F681E00C28C33 /* Build configuration list for PBXProject "MovieApp" */;
			compatibilityVersion = "Xcode 13.0";
			developmentRegion = en;
			hasScannedForEncodings = 0;
			knownRegions = (
				en,
				Base,
			);
			mainGroup = F746DAC4286F681E00C28C33;
			productRefGroup = F746DACE286F681E00C28C33 /* Products */;
			projectDirPath = "";
			projectRoot = "";
			targets = (
				F746DACC286F681E00C28C33 /* MovieApp */,
				F746DAE2286F682200C28C33 /* MovieAppTests */,
				F746DAEC286F682200C28C33 /* MovieAppUITests */,
			);
		};
/* End PBXProject section */

/* Begin PBXResourcesBuildPhase section */
		F746DACB286F681E00C28C33 /* Resources */ = {
			isa = PBXResourcesBuildPhase;
			buildActionMask = 2147483647;
			files = (
				F746DADD286F682100C28C33 /* LaunchScreen.storyboard in Resources */,
				F746DB41286F6B4E00C28C33 /* HomeScene.xib in Resources */,
				F746DADA286F682100C28C33 /* Assets.xcassets in Resources */,
			);
			runOnlyForDeploymentPostprocessing = 0;
		};
		F746DAE1286F682200C28C33 /* Resources */ = {
			isa = PBXResourcesBuildPhase;
			buildActionMask = 2147483647;
			files = (
			);
			runOnlyForDeploymentPostprocessing = 0;
		};
		F746DAEB286F682200C28C33 /* Resources */ = {
			isa = PBXResourcesBuildPhase;
			buildActionMask = 2147483647;
			files = (
			);
			runOnlyForDeploymentPostprocessing = 0;
		};
/* End PBXResourcesBuildPhase section */

/* Begin PBXShellScriptBuildPhase section */
		AE193BCC9D1259045BFD1E01 /* [CP] Check Pods Manifest.lock */ = {
			isa = PBXShellScriptBuildPhase;
			buildActionMask = 2147483647;
			files = (
			);
			inputFileListPaths = (
			);
			inputPaths = (
				"${PODS_PODFILE_DIR_PATH}/Podfile.lock",
				"${PODS_ROOT}/Manifest.lock",
			);
			name = "[CP] Check Pods Manifest.lock";
			outputFileListPaths = (
			);
			outputPaths = (
				"$(DERIVED_FILE_DIR)/Pods-MovieApp-checkManifestLockResult.txt",
			);
			runOnlyForDeploymentPostprocessing = 0;
			shellPath = /bin/sh;
			shellScript = "diff \"${PODS_PODFILE_DIR_PATH}/Podfile.lock\" \"${PODS_ROOT}/Manifest.lock\" > /dev/null\nif [ $? != 0 ] ; then\n    # print error to STDERR\n    echo \"error: The sandbox is not in sync with the Podfile.lock. Run 'pod install' or update your CocoaPods installation.\" >&2\n    exit 1\nfi\n# This output is used by Xcode 'outputs' to avoid re-running this script phase.\necho \"SUCCESS\" > \"${SCRIPT_OUTPUT_FILE_0}\"\n";
			showEnvVarsInLog = 0;
		};
		DF8AC4776522C9F7770C539E /* [CP] Check Pods Manifest.lock */ = {
			isa = PBXShellScriptBuildPhase;
			buildActionMask = 2147483647;
			files = (
			);
			inputFileListPaths = (
			);
			inputPaths = (
				"${PODS_PODFILE_DIR_PATH}/Podfile.lock",
				"${PODS_ROOT}/Manifest.lock",
			);
			name = "[CP] Check Pods Manifest.lock";
			outputFileListPaths = (
			);
			outputPaths = (
				"$(DERIVED_FILE_DIR)/Pods-MovieApp-MovieAppUITests-checkManifestLockResult.txt",
			);
			runOnlyForDeploymentPostprocessing = 0;
			shellPath = /bin/sh;
			shellScript = "diff \"${PODS_PODFILE_DIR_PATH}/Podfile.lock\" \"${PODS_ROOT}/Manifest.lock\" > /dev/null\nif [ $? != 0 ] ; then\n    # print error to STDERR\n    echo \"error: The sandbox is not in sync with the Podfile.lock. Run 'pod install' or update your CocoaPods installation.\" >&2\n    exit 1\nfi\n# This output is used by Xcode 'outputs' to avoid re-running this script phase.\necho \"SUCCESS\" > \"${SCRIPT_OUTPUT_FILE_0}\"\n";
			showEnvVarsInLog = 0;
		};
		EB101ACC2602C29622571619 /* [CP] Check Pods Manifest.lock */ = {
			isa = PBXShellScriptBuildPhase;
			buildActionMask = 2147483647;
			files = (
			);
			inputFileListPaths = (
			);
			inputPaths = (
				"${PODS_PODFILE_DIR_PATH}/Podfile.lock",
				"${PODS_ROOT}/Manifest.lock",
			);
			name = "[CP] Check Pods Manifest.lock";
			outputFileListPaths = (
			);
			outputPaths = (
				"$(DERIVED_FILE_DIR)/Pods-MovieAppTests-checkManifestLockResult.txt",
			);
			runOnlyForDeploymentPostprocessing = 0;
			shellPath = /bin/sh;
			shellScript = "diff \"${PODS_PODFILE_DIR_PATH}/Podfile.lock\" \"${PODS_ROOT}/Manifest.lock\" > /dev/null\nif [ $? != 0 ] ; then\n    # print error to STDERR\n    echo \"error: The sandbox is not in sync with the Podfile.lock. Run 'pod install' or update your CocoaPods installation.\" >&2\n    exit 1\nfi\n# This output is used by Xcode 'outputs' to avoid re-running this script phase.\necho \"SUCCESS\" > \"${SCRIPT_OUTPUT_FILE_0}\"\n";
			showEnvVarsInLog = 0;
		};
/* End PBXShellScriptBuildPhase section */

/* Begin PBXSourcesBuildPhase section */
		F746DAC9286F681E00C28C33 /* Sources */ = {
			isa = PBXSourcesBuildPhase;
			buildActionMask = 2147483647;
			files = (
				F746DB36286F6ADB00C28C33 /* Transition.swift in Sources */,
				F746DB30286F6A9400C28C33 /* AppRouter.swift in Sources */,
				F746DB2C286F6A5D00C28C33 /* Route.swift in Sources */,
				F746DB33286F6AB600C28C33 /* Router.swift in Sources */,
				F746DB38286F6AEC00C28C33 /* OnWindowTransition.swift in Sources */,
				F746DAD5286F681E00C28C33 /* HomeViewController.swift in Sources */,
				F746DAD1286F681E00C28C33 /* AppDelegate.swift in Sources */,
			);
			runOnlyForDeploymentPostprocessing = 0;
		};
		F746DADF286F682200C28C33 /* Sources */ = {
			isa = PBXSourcesBuildPhase;
			buildActionMask = 2147483647;
			files = (
				F746DAE8286F682200C28C33 /* MovieAppTests.swift in Sources */,
			);
			runOnlyForDeploymentPostprocessing = 0;
		};
		F746DAE9286F682200C28C33 /* Sources */ = {
			isa = PBXSourcesBuildPhase;
			buildActionMask = 2147483647;
			files = (
				F746DAF4286F682200C28C33 /* MovieAppUITestsLaunchTests.swift in Sources */,
				F746DAF2286F682200C28C33 /* MovieAppUITests.swift in Sources */,
			);
			runOnlyForDeploymentPostprocessing = 0;
		};
/* End PBXSourcesBuildPhase section */

/* Begin PBXTargetDependency section */
		F746DAE5286F682200C28C33 /* PBXTargetDependency */ = {
			isa = PBXTargetDependency;
			target = F746DACC286F681E00C28C33 /* MovieApp */;
			targetProxy = F746DAE4286F682200C28C33 /* PBXContainerItemProxy */;
		};
		F746DAEF286F682200C28C33 /* PBXTargetDependency */ = {
			isa = PBXTargetDependency;
			target = F746DACC286F681E00C28C33 /* MovieApp */;
			targetProxy = F746DAEE286F682200C28C33 /* PBXContainerItemProxy */;
		};
/* End PBXTargetDependency section */

/* Begin PBXVariantGroup section */
		F746DADB286F682100C28C33 /* LaunchScreen.storyboard */ = {
			isa = PBXVariantGroup;
			children = (
				F746DADC286F682100C28C33 /* Base */,
			);
			name = LaunchScreen.storyboard;
			sourceTree = "<group>";
		};
/* End PBXVariantGroup section */

/* Begin XCBuildConfiguration section */
		F746DAF5286F682200C28C33 /* Debug */ = {
			isa = XCBuildConfiguration;
			buildSettings = {
				ALWAYS_SEARCH_USER_PATHS = NO;
				CLANG_ANALYZER_NONNULL = YES;
				CLANG_ANALYZER_NUMBER_OBJECT_CONVERSION = YES_AGGRESSIVE;
				CLANG_CXX_LANGUAGE_STANDARD = "gnu++17";
				CLANG_ENABLE_MODULES = YES;
				CLANG_ENABLE_OBJC_ARC = YES;
				CLANG_ENABLE_OBJC_WEAK = YES;
				CLANG_WARN_BLOCK_CAPTURE_AUTORELEASING = YES;
				CLANG_WARN_BOOL_CONVERSION = YES;
				CLANG_WARN_COMMA = YES;
				CLANG_WARN_CONSTANT_CONVERSION = YES;
				CLANG_WARN_DEPRECATED_OBJC_IMPLEMENTATIONS = YES;
				CLANG_WARN_DIRECT_OBJC_ISA_USAGE = YES_ERROR;
				CLANG_WARN_DOCUMENTATION_COMMENTS = YES;
				CLANG_WARN_EMPTY_BODY = YES;
				CLANG_WARN_ENUM_CONVERSION = YES;
				CLANG_WARN_INFINITE_RECURSION = YES;
				CLANG_WARN_INT_CONVERSION = YES;
				CLANG_WARN_NON_LITERAL_NULL_CONVERSION = YES;
				CLANG_WARN_OBJC_IMPLICIT_RETAIN_SELF = YES;
				CLANG_WARN_OBJC_LITERAL_CONVERSION = YES;
				CLANG_WARN_OBJC_ROOT_CLASS = YES_ERROR;
				CLANG_WARN_QUOTED_INCLUDE_IN_FRAMEWORK_HEADER = YES;
				CLANG_WARN_RANGE_LOOP_ANALYSIS = YES;
				CLANG_WARN_STRICT_PROTOTYPES = YES;
				CLANG_WARN_SUSPICIOUS_MOVE = YES;
				CLANG_WARN_UNGUARDED_AVAILABILITY = YES_AGGRESSIVE;
				CLANG_WARN_UNREACHABLE_CODE = YES;
				CLANG_WARN__DUPLICATE_METHOD_MATCH = YES;
				COPY_PHASE_STRIP = NO;
				DEBUG_INFORMATION_FORMAT = dwarf;
				ENABLE_STRICT_OBJC_MSGSEND = YES;
				ENABLE_TESTABILITY = YES;
				GCC_C_LANGUAGE_STANDARD = gnu11;
				GCC_DYNAMIC_NO_PIC = NO;
				GCC_NO_COMMON_BLOCKS = YES;
				GCC_OPTIMIZATION_LEVEL = 0;
				GCC_PREPROCESSOR_DEFINITIONS = (
					"DEBUG=1",
					"$(inherited)",
				);
				GCC_WARN_64_TO_32_BIT_CONVERSION = YES;
				GCC_WARN_ABOUT_RETURN_TYPE = YES_ERROR;
				GCC_WARN_UNDECLARED_SELECTOR = YES;
				GCC_WARN_UNINITIALIZED_AUTOS = YES_AGGRESSIVE;
				GCC_WARN_UNUSED_FUNCTION = YES;
				GCC_WARN_UNUSED_VARIABLE = YES;
				IPHONEOS_DEPLOYMENT_TARGET = 15.5;
				MTL_ENABLE_DEBUG_INFO = INCLUDE_SOURCE;
				MTL_FAST_MATH = YES;
				ONLY_ACTIVE_ARCH = YES;
				SDKROOT = iphoneos;
				SWIFT_ACTIVE_COMPILATION_CONDITIONS = DEBUG;
				SWIFT_OPTIMIZATION_LEVEL = "-Onone";
			};
			name = Debug;
		};
		F746DAF6286F682200C28C33 /* Release */ = {
			isa = XCBuildConfiguration;
			buildSettings = {
				ALWAYS_SEARCH_USER_PATHS = NO;
				CLANG_ANALYZER_NONNULL = YES;
				CLANG_ANALYZER_NUMBER_OBJECT_CONVERSION = YES_AGGRESSIVE;
				CLANG_CXX_LANGUAGE_STANDARD = "gnu++17";
				CLANG_ENABLE_MODULES = YES;
				CLANG_ENABLE_OBJC_ARC = YES;
				CLANG_ENABLE_OBJC_WEAK = YES;
				CLANG_WARN_BLOCK_CAPTURE_AUTORELEASING = YES;
				CLANG_WARN_BOOL_CONVERSION = YES;
				CLANG_WARN_COMMA = YES;
				CLANG_WARN_CONSTANT_CONVERSION = YES;
				CLANG_WARN_DEPRECATED_OBJC_IMPLEMENTATIONS = YES;
				CLANG_WARN_DIRECT_OBJC_ISA_USAGE = YES_ERROR;
				CLANG_WARN_DOCUMENTATION_COMMENTS = YES;
				CLANG_WARN_EMPTY_BODY = YES;
				CLANG_WARN_ENUM_CONVERSION = YES;
				CLANG_WARN_INFINITE_RECURSION = YES;
				CLANG_WARN_INT_CONVERSION = YES;
				CLANG_WARN_NON_LITERAL_NULL_CONVERSION = YES;
				CLANG_WARN_OBJC_IMPLICIT_RETAIN_SELF = YES;
				CLANG_WARN_OBJC_LITERAL_CONVERSION = YES;
				CLANG_WARN_OBJC_ROOT_CLASS = YES_ERROR;
				CLANG_WARN_QUOTED_INCLUDE_IN_FRAMEWORK_HEADER = YES;
				CLANG_WARN_RANGE_LOOP_ANALYSIS = YES;
				CLANG_WARN_STRICT_PROTOTYPES = YES;
				CLANG_WARN_SUSPICIOUS_MOVE = YES;
				CLANG_WARN_UNGUARDED_AVAILABILITY = YES_AGGRESSIVE;
				CLANG_WARN_UNREACHABLE_CODE = YES;
				CLANG_WARN__DUPLICATE_METHOD_MATCH = YES;
				COPY_PHASE_STRIP = NO;
				DEBUG_INFORMATION_FORMAT = "dwarf-with-dsym";
				ENABLE_NS_ASSERTIONS = NO;
				ENABLE_STRICT_OBJC_MSGSEND = YES;
				GCC_C_LANGUAGE_STANDARD = gnu11;
				GCC_NO_COMMON_BLOCKS = YES;
				GCC_WARN_64_TO_32_BIT_CONVERSION = YES;
				GCC_WARN_ABOUT_RETURN_TYPE = YES_ERROR;
				GCC_WARN_UNDECLARED_SELECTOR = YES;
				GCC_WARN_UNINITIALIZED_AUTOS = YES_AGGRESSIVE;
				GCC_WARN_UNUSED_FUNCTION = YES;
				GCC_WARN_UNUSED_VARIABLE = YES;
				IPHONEOS_DEPLOYMENT_TARGET = 15.5;
				MTL_ENABLE_DEBUG_INFO = NO;
				MTL_FAST_MATH = YES;
				SDKROOT = iphoneos;
				SWIFT_COMPILATION_MODE = wholemodule;
				SWIFT_OPTIMIZATION_LEVEL = "-O";
				VALIDATE_PRODUCT = YES;
			};
			name = Release;
		};
		F746DAF8286F682200C28C33 /* Debug */ = {
			isa = XCBuildConfiguration;
			baseConfigurationReference = 8E1791257C444DB07236C8CC /* Pods-MovieApp.debug.xcconfig */;
			buildSettings = {
				ASSETCATALOG_COMPILER_APPICON_NAME = AppIcon;
				ASSETCATALOG_COMPILER_GLOBAL_ACCENT_COLOR_NAME = AccentColor;
				CODE_SIGN_STYLE = Automatic;
				CURRENT_PROJECT_VERSION = 1;
				DEVELOPMENT_TEAM = 8ZB49XM27T;
				GENERATE_INFOPLIST_FILE = YES;
				INFOPLIST_FILE = MovieApp/Configurations/Info.plist;
				INFOPLIST_KEY_UIApplicationSupportsIndirectInputEvents = YES;
				INFOPLIST_KEY_UILaunchStoryboardName = LaunchScreen;
				INFOPLIST_KEY_UISupportedInterfaceOrientations_iPad = "UIInterfaceOrientationPortrait UIInterfaceOrientationPortraitUpsideDown UIInterfaceOrientationLandscapeLeft UIInterfaceOrientationLandscapeRight";
				INFOPLIST_KEY_UISupportedInterfaceOrientations_iPhone = "UIInterfaceOrientationPortrait UIInterfaceOrientationLandscapeLeft UIInterfaceOrientationLandscapeRight";
				IPHONEOS_DEPLOYMENT_TARGET = 13.0;
				LD_RUNPATH_SEARCH_PATHS = (
					"$(inherited)",
					"@executable_path/Frameworks",
				);
				MARKETING_VERSION = 1.0;
				PRODUCT_BUNDLE_IDENTIFIER = com.kaanozdemir.MovieApp;
				PRODUCT_NAME = "$(TARGET_NAME)";
				SWIFT_EMIT_LOC_STRINGS = YES;
				SWIFT_VERSION = 5.0;
				TARGETED_DEVICE_FAMILY = "1,2";
			};
			name = Debug;
		};
		F746DAF9286F682200C28C33 /* Release */ = {
			isa = XCBuildConfiguration;
			baseConfigurationReference = 79B68B36905A0A2865709CD6 /* Pods-MovieApp.release.xcconfig */;
			buildSettings = {
				ASSETCATALOG_COMPILER_APPICON_NAME = AppIcon;
				ASSETCATALOG_COMPILER_GLOBAL_ACCENT_COLOR_NAME = AccentColor;
				CODE_SIGN_STYLE = Automatic;
				CURRENT_PROJECT_VERSION = 1;
				DEVELOPMENT_TEAM = 8ZB49XM27T;
				GENERATE_INFOPLIST_FILE = YES;
				INFOPLIST_FILE = MovieApp/Configurations/Info.plist;
				INFOPLIST_KEY_UIApplicationSupportsIndirectInputEvents = YES;
				INFOPLIST_KEY_UILaunchStoryboardName = LaunchScreen;
				INFOPLIST_KEY_UISupportedInterfaceOrientations_iPad = "UIInterfaceOrientationPortrait UIInterfaceOrientationPortraitUpsideDown UIInterfaceOrientationLandscapeLeft UIInterfaceOrientationLandscapeRight";
				INFOPLIST_KEY_UISupportedInterfaceOrientations_iPhone = "UIInterfaceOrientationPortrait UIInterfaceOrientationLandscapeLeft UIInterfaceOrientationLandscapeRight";
				IPHONEOS_DEPLOYMENT_TARGET = 13.0;
				LD_RUNPATH_SEARCH_PATHS = (
					"$(inherited)",
					"@executable_path/Frameworks",
				);
				MARKETING_VERSION = 1.0;
				PRODUCT_BUNDLE_IDENTIFIER = com.kaanozdemir.MovieApp;
				PRODUCT_NAME = "$(TARGET_NAME)";
				SWIFT_EMIT_LOC_STRINGS = YES;
				SWIFT_VERSION = 5.0;
				TARGETED_DEVICE_FAMILY = "1,2";
			};
			name = Release;
		};
		F746DAFB286F682200C28C33 /* Debug */ = {
			isa = XCBuildConfiguration;
			baseConfigurationReference = B0FD868D5AEF0134183AD98F /* Pods-MovieAppTests.debug.xcconfig */;
			buildSettings = {
				ALWAYS_EMBED_SWIFT_STANDARD_LIBRARIES = YES;
				BUNDLE_LOADER = "$(TEST_HOST)";
				CODE_SIGN_STYLE = Automatic;
				CURRENT_PROJECT_VERSION = 1;
				DEVELOPMENT_TEAM = 8ZB49XM27T;
				GENERATE_INFOPLIST_FILE = YES;
				IPHONEOS_DEPLOYMENT_TARGET = 15.5;
				MARKETING_VERSION = 1.0;
				PRODUCT_BUNDLE_IDENTIFIER = com.kaanozdemir.MovieAppTests;
				PRODUCT_NAME = "$(TARGET_NAME)";
				SWIFT_EMIT_LOC_STRINGS = NO;
				SWIFT_VERSION = 5.0;
				TARGETED_DEVICE_FAMILY = "1,2";
				TEST_HOST = "$(BUILT_PRODUCTS_DIR)/MovieApp.app/MovieApp";
			};
			name = Debug;
		};
		F746DAFC286F682200C28C33 /* Release */ = {
			isa = XCBuildConfiguration;
			baseConfigurationReference = E58C74F616AB0BF55EEF168A /* Pods-MovieAppTests.release.xcconfig */;
			buildSettings = {
				ALWAYS_EMBED_SWIFT_STANDARD_LIBRARIES = YES;
				BUNDLE_LOADER = "$(TEST_HOST)";
				CODE_SIGN_STYLE = Automatic;
				CURRENT_PROJECT_VERSION = 1;
				DEVELOPMENT_TEAM = 8ZB49XM27T;
				GENERATE_INFOPLIST_FILE = YES;
				IPHONEOS_DEPLOYMENT_TARGET = 15.5;
				MARKETING_VERSION = 1.0;
				PRODUCT_BUNDLE_IDENTIFIER = com.kaanozdemir.MovieAppTests;
				PRODUCT_NAME = "$(TARGET_NAME)";
				SWIFT_EMIT_LOC_STRINGS = NO;
				SWIFT_VERSION = 5.0;
				TARGETED_DEVICE_FAMILY = "1,2";
				TEST_HOST = "$(BUILT_PRODUCTS_DIR)/MovieApp.app/MovieApp";
			};
			name = Release;
		};
		F746DAFE286F682200C28C33 /* Debug */ = {
			isa = XCBuildConfiguration;
			baseConfigurationReference = 99B02A83C32EB6C7964B9AA2 /* Pods-MovieApp-MovieAppUITests.debug.xcconfig */;
			buildSettings = {
				ALWAYS_EMBED_SWIFT_STANDARD_LIBRARIES = YES;
				CODE_SIGN_STYLE = Automatic;
				CURRENT_PROJECT_VERSION = 1;
				DEVELOPMENT_TEAM = 8ZB49XM27T;
				GENERATE_INFOPLIST_FILE = YES;
				MARKETING_VERSION = 1.0;
				PRODUCT_BUNDLE_IDENTIFIER = com.kaanozdemir.MovieAppUITests;
				PRODUCT_NAME = "$(TARGET_NAME)";
				SWIFT_EMIT_LOC_STRINGS = NO;
				SWIFT_VERSION = 5.0;
				TARGETED_DEVICE_FAMILY = "1,2";
				TEST_TARGET_NAME = MovieApp;
			};
			name = Debug;
		};
		F746DAFF286F682200C28C33 /* Release */ = {
			isa = XCBuildConfiguration;
			baseConfigurationReference = A51A72789794F895D4C85887 /* Pods-MovieApp-MovieAppUITests.release.xcconfig */;
			buildSettings = {
				ALWAYS_EMBED_SWIFT_STANDARD_LIBRARIES = YES;
				CODE_SIGN_STYLE = Automatic;
				CURRENT_PROJECT_VERSION = 1;
				DEVELOPMENT_TEAM = 8ZB49XM27T;
				GENERATE_INFOPLIST_FILE = YES;
				MARKETING_VERSION = 1.0;
				PRODUCT_BUNDLE_IDENTIFIER = com.kaanozdemir.MovieAppUITests;
				PRODUCT_NAME = "$(TARGET_NAME)";
				SWIFT_EMIT_LOC_STRINGS = NO;
				SWIFT_VERSION = 5.0;
				TARGETED_DEVICE_FAMILY = "1,2";
				TEST_TARGET_NAME = MovieApp;
			};
			name = Release;
		};
/* End XCBuildConfiguration section */

/* Begin XCConfigurationList section */
		F746DAC8286F681E00C28C33 /* Build configuration list for PBXProject "MovieApp" */ = {
			isa = XCConfigurationList;
			buildConfigurations = (
				F746DAF5286F682200C28C33 /* Debug */,
				F746DAF6286F682200C28C33 /* Release */,
			);
			defaultConfigurationIsVisible = 0;
			defaultConfigurationName = Release;
		};
		F746DAF7286F682200C28C33 /* Build configuration list for PBXNativeTarget "MovieApp" */ = {
			isa = XCConfigurationList;
			buildConfigurations = (
				F746DAF8286F682200C28C33 /* Debug */,
				F746DAF9286F682200C28C33 /* Release */,
			);
			defaultConfigurationIsVisible = 0;
			defaultConfigurationName = Release;
		};
		F746DAFA286F682200C28C33 /* Build configuration list for PBXNativeTarget "MovieAppTests" */ = {
			isa = XCConfigurationList;
			buildConfigurations = (
				F746DAFB286F682200C28C33 /* Debug */,
				F746DAFC286F682200C28C33 /* Release */,
			);
			defaultConfigurationIsVisible = 0;
			defaultConfigurationName = Release;
		};
		F746DAFD286F682200C28C33 /* Build configuration list for PBXNativeTarget "MovieAppUITests" */ = {
			isa = XCConfigurationList;
			buildConfigurations = (
				F746DAFE286F682200C28C33 /* Debug */,
				F746DAFF286F682200C28C33 /* Release */,
			);
			defaultConfigurationIsVisible = 0;
			defaultConfigurationName = Release;
		};
/* End XCConfigurationList section */
	};
	rootObject = F746DAC5286F681E00C28C33 /* Project object */;
}
